
Microsoft Visual Studio Solution File, Format Version 12.00
# Visual Studio Version 16
VisualStudioVersion = 16.0.29418.71
MinimumVisualStudioVersion = 10.0.40219.1
Project("{9A19103F-16F7-4668-BE54-9A1E7A4F7556}") = "LibVLCSharp", "LibVLCSharp\LibVLCSharp.csproj", "{D1C3B7C4-713B-46B2-B33A-E9298C819921}"
EndProject
Project("{2150E333-8FDC-42A3-9474-1A3956D46DE8}") = "Solution Items", "Solution Items", "{A5F2B2E4-7F93-4919-89F6-EEAB5D1C0AA7}"
	ProjectSection(SolutionItems) = preProject
		Directory.Build.props = Directory.Build.props
		global.json = global.json
	EndProjectSection
EndProject
Project("{2150E333-8FDC-42A3-9474-1A3956D46DE8}") = "Samples", "Samples", "{799A84A2-2161-4676-878B-5610E3586137}"
EndProject
Project("{9A19103F-16F7-4668-BE54-9A1E7A4F7556}") = "LibVLCSharp.Forms", "LibVLCSharp.Forms\LibVLCSharp.Forms.csproj", "{06814458-C8B4-4D50-86E2-904E6A9E3499}"
EndProject
Project("{2150E333-8FDC-42A3-9474-1A3956D46DE8}") = "Forms", "Forms", "{FC68D8B7-758E-4164-945B-9F922FA883F6}"
EndProject
Project("{FAE04EC0-301F-11D3-BF4B-00C04F79EFBC}") = "LibVLCSharp.Android.AWindow", "LibVLCSharp.Android.AWindow\LibVLCSharp.Android.AWindow.csproj", "{239A82A5-19A1-4382-8F9B-4A9705648017}"
EndProject
Project("{2150E333-8FDC-42A3-9474-1A3956D46DE8}") = "MediaElement", "MediaElement", "{5E512888-485B-438A-AA4A-1B1EF50FD49F}"
EndProject
Project("{9A19103F-16F7-4668-BE54-9A1E7A4F7556}") = "LibVLCSharp.Forms.Sample.MediaElement", "..\samples\Forms\LibVLCSharp.Forms.MediaElement\LibVLCSharp.Forms.Sample.MediaElement\LibVLCSharp.Forms.Sample.MediaElement.csproj", "{537A70A3-6565-41E2-8C65-5198E0F4EB45}"
EndProject
Project("{FAE04EC0-301F-11D3-BF4B-00C04F79EFBC}") = "LibVLCSharp.Forms.Sample.MediaElement.Android", "..\samples\Forms\LibVLCSharp.Forms.MediaElement\LibVLCSharp.Forms.Sample.MediaElement.Android\LibVLCSharp.Forms.Sample.MediaElement.Android.csproj", "{315BB606-A490-4CFB-8DFC-313563C330AE}"
EndProject
Project("{FAE04EC0-301F-11D3-BF4B-00C04F79EFBC}") = "LibVLCSharp.Forms.Sample.MediaElement.iOS", "..\samples\Forms\LibVLCSharp.Forms.MediaElement\LibVLCSharp.Forms.Sample.MediaElement.iOS\LibVLCSharp.Forms.Sample.MediaElement.iOS.csproj", "{6C9DE381-A32F-41CB-BCDA-551BE90B5A60}"
EndProject
Global
	GlobalSection(SolutionConfigurationPlatforms) = preSolution
		Ad-Hoc|Any CPU = Ad-Hoc|Any CPU
		Ad-Hoc|ARM = Ad-Hoc|ARM
		Ad-Hoc|ARM64 = Ad-Hoc|ARM64
		Ad-Hoc|iPhone = Ad-Hoc|iPhone
		Ad-Hoc|iPhoneSimulator = Ad-Hoc|iPhoneSimulator
		Ad-Hoc|x64 = Ad-Hoc|x64
		Ad-Hoc|x86 = Ad-Hoc|x86
		AppStore|Any CPU = AppStore|Any CPU
		AppStore|ARM = AppStore|ARM
		AppStore|ARM64 = AppStore|ARM64
		AppStore|iPhone = AppStore|iPhone
		AppStore|iPhoneSimulator = AppStore|iPhoneSimulator
		AppStore|x64 = AppStore|x64
		AppStore|x86 = AppStore|x86
		Debug|Any CPU = Debug|Any CPU
		Debug|ARM = Debug|ARM
		Debug|ARM64 = Debug|ARM64
		Debug|iPhone = Debug|iPhone
		Debug|iPhoneSimulator = Debug|iPhoneSimulator
		Debug|x64 = Debug|x64
		Debug|x86 = Debug|x86
		Release|Any CPU = Release|Any CPU
		Release|ARM = Release|ARM
		Release|ARM64 = Release|ARM64
		Release|iPhone = Release|iPhone
		Release|iPhoneSimulator = Release|iPhoneSimulator
		Release|x64 = Release|x64
		Release|x86 = Release|x86
	EndGlobalSection
	GlobalSection(ProjectConfigurationPlatforms) = postSolution
		{D1C3B7C4-713B-46B2-B33A-E9298C819921}.Ad-Hoc|Any CPU.ActiveCfg = Release|Any CPU
		{D1C3B7C4-713B-46B2-B33A-E9298C819921}.Ad-Hoc|Any CPU.Build.0 = Release|Any CPU
		{D1C3B7C4-713B-46B2-B33A-E9298C819921}.Ad-Hoc|ARM.ActiveCfg = Debug|Any CPU
		{D1C3B7C4-713B-46B2-B33A-E9298C819921}.Ad-Hoc|ARM.Build.0 = Debug|Any CPU
		{D1C3B7C4-713B-46B2-B33A-E9298C819921}.Ad-Hoc|ARM64.ActiveCfg = Debug|Any CPU
		{D1C3B7C4-713B-46B2-B33A-E9298C819921}.Ad-Hoc|ARM64.Build.0 = Debug|Any CPU
		{D1C3B7C4-713B-46B2-B33A-E9298C819921}.Ad-Hoc|iPhone.ActiveCfg = Release|Any CPU
		{D1C3B7C4-713B-46B2-B33A-E9298C819921}.Ad-Hoc|iPhone.Build.0 = Release|Any CPU
		{D1C3B7C4-713B-46B2-B33A-E9298C819921}.Ad-Hoc|iPhoneSimulator.ActiveCfg = Release|Any CPU
		{D1C3B7C4-713B-46B2-B33A-E9298C819921}.Ad-Hoc|iPhoneSimulator.Build.0 = Release|Any CPU
		{D1C3B7C4-713B-46B2-B33A-E9298C819921}.Ad-Hoc|x64.ActiveCfg = Release|Any CPU
		{D1C3B7C4-713B-46B2-B33A-E9298C819921}.Ad-Hoc|x64.Build.0 = Release|Any CPU
		{D1C3B7C4-713B-46B2-B33A-E9298C819921}.Ad-Hoc|x86.ActiveCfg = Release|Any CPU
		{D1C3B7C4-713B-46B2-B33A-E9298C819921}.Ad-Hoc|x86.Build.0 = Release|Any CPU
		{D1C3B7C4-713B-46B2-B33A-E9298C819921}.AppStore|Any CPU.ActiveCfg = Release|Any CPU
		{D1C3B7C4-713B-46B2-B33A-E9298C819921}.AppStore|Any CPU.Build.0 = Release|Any CPU
		{D1C3B7C4-713B-46B2-B33A-E9298C819921}.AppStore|ARM.ActiveCfg = Debug|Any CPU
		{D1C3B7C4-713B-46B2-B33A-E9298C819921}.AppStore|ARM.Build.0 = Debug|Any CPU
		{D1C3B7C4-713B-46B2-B33A-E9298C819921}.AppStore|ARM64.ActiveCfg = Debug|Any CPU
		{D1C3B7C4-713B-46B2-B33A-E9298C819921}.AppStore|ARM64.Build.0 = Debug|Any CPU
		{D1C3B7C4-713B-46B2-B33A-E9298C819921}.AppStore|iPhone.ActiveCfg = Release|Any CPU
		{D1C3B7C4-713B-46B2-B33A-E9298C819921}.AppStore|iPhone.Build.0 = Release|Any CPU
		{D1C3B7C4-713B-46B2-B33A-E9298C819921}.AppStore|iPhoneSimulator.ActiveCfg = Release|Any CPU
		{D1C3B7C4-713B-46B2-B33A-E9298C819921}.AppStore|iPhoneSimulator.Build.0 = Release|Any CPU
		{D1C3B7C4-713B-46B2-B33A-E9298C819921}.AppStore|x64.ActiveCfg = Release|Any CPU
		{D1C3B7C4-713B-46B2-B33A-E9298C819921}.AppStore|x64.Build.0 = Release|Any CPU
		{D1C3B7C4-713B-46B2-B33A-E9298C819921}.AppStore|x86.ActiveCfg = Release|Any CPU
		{D1C3B7C4-713B-46B2-B33A-E9298C819921}.AppStore|x86.Build.0 = Release|Any CPU
		{D1C3B7C4-713B-46B2-B33A-E9298C819921}.Debug|Any CPU.ActiveCfg = Debug|Any CPU
		{D1C3B7C4-713B-46B2-B33A-E9298C819921}.Debug|Any CPU.Build.0 = Debug|Any CPU
		{D1C3B7C4-713B-46B2-B33A-E9298C819921}.Debug|ARM.ActiveCfg = Debug|Any CPU
		{D1C3B7C4-713B-46B2-B33A-E9298C819921}.Debug|ARM.Build.0 = Debug|Any CPU
		{D1C3B7C4-713B-46B2-B33A-E9298C819921}.Debug|ARM64.ActiveCfg = Debug|Any CPU
		{D1C3B7C4-713B-46B2-B33A-E9298C819921}.Debug|ARM64.Build.0 = Debug|Any CPU
		{D1C3B7C4-713B-46B2-B33A-E9298C819921}.Debug|iPhone.ActiveCfg = Debug|Any CPU
		{D1C3B7C4-713B-46B2-B33A-E9298C819921}.Debug|iPhone.Build.0 = Debug|Any CPU
		{D1C3B7C4-713B-46B2-B33A-E9298C819921}.Debug|iPhoneSimulator.ActiveCfg = Debug|Any CPU
		{D1C3B7C4-713B-46B2-B33A-E9298C819921}.Debug|iPhoneSimulator.Build.0 = Debug|Any CPU
		{D1C3B7C4-713B-46B2-B33A-E9298C819921}.Debug|x64.ActiveCfg = Debug|Any CPU
		{D1C3B7C4-713B-46B2-B33A-E9298C819921}.Debug|x64.Build.0 = Debug|Any CPU
		{D1C3B7C4-713B-46B2-B33A-E9298C819921}.Debug|x86.ActiveCfg = Debug|Any CPU
		{D1C3B7C4-713B-46B2-B33A-E9298C819921}.Debug|x86.Build.0 = Debug|Any CPU
		{D1C3B7C4-713B-46B2-B33A-E9298C819921}.Release|Any CPU.ActiveCfg = Release|Any CPU
		{D1C3B7C4-713B-46B2-B33A-E9298C819921}.Release|Any CPU.Build.0 = Release|Any CPU
		{D1C3B7C4-713B-46B2-B33A-E9298C819921}.Release|ARM.ActiveCfg = Release|Any CPU
		{D1C3B7C4-713B-46B2-B33A-E9298C819921}.Release|ARM.Build.0 = Release|Any CPU
		{D1C3B7C4-713B-46B2-B33A-E9298C819921}.Release|ARM64.ActiveCfg = Release|Any CPU
		{D1C3B7C4-713B-46B2-B33A-E9298C819921}.Release|ARM64.Build.0 = Release|Any CPU
		{D1C3B7C4-713B-46B2-B33A-E9298C819921}.Release|iPhone.ActiveCfg = Release|Any CPU
		{D1C3B7C4-713B-46B2-B33A-E9298C819921}.Release|iPhone.Build.0 = Release|Any CPU
		{D1C3B7C4-713B-46B2-B33A-E9298C819921}.Release|iPhoneSimulator.ActiveCfg = Release|Any CPU
		{D1C3B7C4-713B-46B2-B33A-E9298C819921}.Release|iPhoneSimulator.Build.0 = Release|Any CPU
		{D1C3B7C4-713B-46B2-B33A-E9298C819921}.Release|x64.ActiveCfg = Release|Any CPU
		{D1C3B7C4-713B-46B2-B33A-E9298C819921}.Release|x64.Build.0 = Release|Any CPU
		{D1C3B7C4-713B-46B2-B33A-E9298C819921}.Release|x86.ActiveCfg = Release|Any CPU
		{D1C3B7C4-713B-46B2-B33A-E9298C819921}.Release|x86.Build.0 = Release|Any CPU
		{06814458-C8B4-4D50-86E2-904E6A9E3499}.Ad-Hoc|Any CPU.ActiveCfg = Debug|Any CPU
		{06814458-C8B4-4D50-86E2-904E6A9E3499}.Ad-Hoc|Any CPU.Build.0 = Debug|Any CPU
		{06814458-C8B4-4D50-86E2-904E6A9E3499}.Ad-Hoc|ARM.ActiveCfg = Release|Any CPU
		{06814458-C8B4-4D50-86E2-904E6A9E3499}.Ad-Hoc|ARM.Build.0 = Release|Any CPU
		{06814458-C8B4-4D50-86E2-904E6A9E3499}.Ad-Hoc|ARM64.ActiveCfg = Release|Any CPU
		{06814458-C8B4-4D50-86E2-904E6A9E3499}.Ad-Hoc|ARM64.Build.0 = Release|Any CPU
		{06814458-C8B4-4D50-86E2-904E6A9E3499}.Ad-Hoc|iPhone.ActiveCfg = Debug|Any CPU
		{06814458-C8B4-4D50-86E2-904E6A9E3499}.Ad-Hoc|iPhone.Build.0 = Debug|Any CPU
		{06814458-C8B4-4D50-86E2-904E6A9E3499}.Ad-Hoc|iPhoneSimulator.ActiveCfg = Debug|Any CPU
		{06814458-C8B4-4D50-86E2-904E6A9E3499}.Ad-Hoc|iPhoneSimulator.Build.0 = Debug|Any CPU
		{06814458-C8B4-4D50-86E2-904E6A9E3499}.Ad-Hoc|x64.ActiveCfg = Debug|Any CPU
		{06814458-C8B4-4D50-86E2-904E6A9E3499}.Ad-Hoc|x64.Build.0 = Debug|Any CPU
		{06814458-C8B4-4D50-86E2-904E6A9E3499}.Ad-Hoc|x86.ActiveCfg = Debug|Any CPU
		{06814458-C8B4-4D50-86E2-904E6A9E3499}.Ad-Hoc|x86.Build.0 = Debug|Any CPU
		{06814458-C8B4-4D50-86E2-904E6A9E3499}.AppStore|Any CPU.ActiveCfg = Debug|Any CPU
		{06814458-C8B4-4D50-86E2-904E6A9E3499}.AppStore|Any CPU.Build.0 = Debug|Any CPU
		{06814458-C8B4-4D50-86E2-904E6A9E3499}.AppStore|ARM.ActiveCfg = Release|Any CPU
		{06814458-C8B4-4D50-86E2-904E6A9E3499}.AppStore|ARM.Build.0 = Release|Any CPU
		{06814458-C8B4-4D50-86E2-904E6A9E3499}.AppStore|ARM64.ActiveCfg = Release|Any CPU
		{06814458-C8B4-4D50-86E2-904E6A9E3499}.AppStore|ARM64.Build.0 = Release|Any CPU
		{06814458-C8B4-4D50-86E2-904E6A9E3499}.AppStore|iPhone.ActiveCfg = Debug|Any CPU
		{06814458-C8B4-4D50-86E2-904E6A9E3499}.AppStore|iPhone.Build.0 = Debug|Any CPU
		{06814458-C8B4-4D50-86E2-904E6A9E3499}.AppStore|iPhoneSimulator.ActiveCfg = Debug|Any CPU
		{06814458-C8B4-4D50-86E2-904E6A9E3499}.AppStore|iPhoneSimulator.Build.0 = Debug|Any CPU
		{06814458-C8B4-4D50-86E2-904E6A9E3499}.AppStore|x64.ActiveCfg = Debug|Any CPU
		{06814458-C8B4-4D50-86E2-904E6A9E3499}.AppStore|x64.Build.0 = Debug|Any CPU
		{06814458-C8B4-4D50-86E2-904E6A9E3499}.AppStore|x86.ActiveCfg = Debug|Any CPU
		{06814458-C8B4-4D50-86E2-904E6A9E3499}.AppStore|x86.Build.0 = Debug|Any CPU
		{06814458-C8B4-4D50-86E2-904E6A9E3499}.Debug|Any CPU.ActiveCfg = Debug|Any CPU
		{06814458-C8B4-4D50-86E2-904E6A9E3499}.Debug|Any CPU.Build.0 = Debug|Any CPU
		{06814458-C8B4-4D50-86E2-904E6A9E3499}.Debug|ARM.ActiveCfg = Debug|Any CPU
		{06814458-C8B4-4D50-86E2-904E6A9E3499}.Debug|ARM.Build.0 = Debug|Any CPU
		{06814458-C8B4-4D50-86E2-904E6A9E3499}.Debug|ARM64.ActiveCfg = Debug|Any CPU
		{06814458-C8B4-4D50-86E2-904E6A9E3499}.Debug|ARM64.Build.0 = Debug|Any CPU
		{06814458-C8B4-4D50-86E2-904E6A9E3499}.Debug|iPhone.ActiveCfg = Debug|Any CPU
		{06814458-C8B4-4D50-86E2-904E6A9E3499}.Debug|iPhone.Build.0 = Debug|Any CPU
		{06814458-C8B4-4D50-86E2-904E6A9E3499}.Debug|iPhoneSimulator.ActiveCfg = Debug|Any CPU
		{06814458-C8B4-4D50-86E2-904E6A9E3499}.Debug|iPhoneSimulator.Build.0 = Debug|Any CPU
		{06814458-C8B4-4D50-86E2-904E6A9E3499}.Debug|x64.ActiveCfg = Debug|Any CPU
		{06814458-C8B4-4D50-86E2-904E6A9E3499}.Debug|x64.Build.0 = Debug|Any CPU
		{06814458-C8B4-4D50-86E2-904E6A9E3499}.Debug|x86.ActiveCfg = Debug|Any CPU
		{06814458-C8B4-4D50-86E2-904E6A9E3499}.Debug|x86.Build.0 = Debug|Any CPU
		{06814458-C8B4-4D50-86E2-904E6A9E3499}.Release|Any CPU.ActiveCfg = Release|Any CPU
		{06814458-C8B4-4D50-86E2-904E6A9E3499}.Release|Any CPU.Build.0 = Release|Any CPU
		{06814458-C8B4-4D50-86E2-904E6A9E3499}.Release|ARM.ActiveCfg = Release|Any CPU
		{06814458-C8B4-4D50-86E2-904E6A9E3499}.Release|ARM.Build.0 = Release|Any CPU
		{06814458-C8B4-4D50-86E2-904E6A9E3499}.Release|ARM64.ActiveCfg = Release|Any CPU
		{06814458-C8B4-4D50-86E2-904E6A9E3499}.Release|ARM64.Build.0 = Release|Any CPU
		{06814458-C8B4-4D50-86E2-904E6A9E3499}.Release|iPhone.ActiveCfg = Release|Any CPU
		{06814458-C8B4-4D50-86E2-904E6A9E3499}.Release|iPhone.Build.0 = Release|Any CPU
		{06814458-C8B4-4D50-86E2-904E6A9E3499}.Release|iPhoneSimulator.ActiveCfg = Release|Any CPU
		{06814458-C8B4-4D50-86E2-904E6A9E3499}.Release|iPhoneSimulator.Build.0 = Release|Any CPU
		{06814458-C8B4-4D50-86E2-904E6A9E3499}.Release|x64.ActiveCfg = Release|Any CPU
		{06814458-C8B4-4D50-86E2-904E6A9E3499}.Release|x64.Build.0 = Release|Any CPU
		{06814458-C8B4-4D50-86E2-904E6A9E3499}.Release|x86.ActiveCfg = Release|Any CPU
		{06814458-C8B4-4D50-86E2-904E6A9E3499}.Release|x86.Build.0 = Release|Any CPU
		{239A82A5-19A1-4382-8F9B-4A9705648017}.Ad-Hoc|Any CPU.ActiveCfg = Release|Any CPU
		{239A82A5-19A1-4382-8F9B-4A9705648017}.Ad-Hoc|Any CPU.Build.0 = Release|Any CPU
		{239A82A5-19A1-4382-8F9B-4A9705648017}.Ad-Hoc|ARM.ActiveCfg = Debug|Any CPU
		{239A82A5-19A1-4382-8F9B-4A9705648017}.Ad-Hoc|ARM.Build.0 = Debug|Any CPU
		{239A82A5-19A1-4382-8F9B-4A9705648017}.Ad-Hoc|ARM64.ActiveCfg = Debug|Any CPU
		{239A82A5-19A1-4382-8F9B-4A9705648017}.Ad-Hoc|ARM64.Build.0 = Debug|Any CPU
		{239A82A5-19A1-4382-8F9B-4A9705648017}.Ad-Hoc|iPhone.ActiveCfg = Release|Any CPU
		{239A82A5-19A1-4382-8F9B-4A9705648017}.Ad-Hoc|iPhone.Build.0 = Release|Any CPU
		{239A82A5-19A1-4382-8F9B-4A9705648017}.Ad-Hoc|iPhoneSimulator.ActiveCfg = Release|Any CPU
		{239A82A5-19A1-4382-8F9B-4A9705648017}.Ad-Hoc|iPhoneSimulator.Build.0 = Release|Any CPU
		{239A82A5-19A1-4382-8F9B-4A9705648017}.Ad-Hoc|x64.ActiveCfg = Release|Any CPU
		{239A82A5-19A1-4382-8F9B-4A9705648017}.Ad-Hoc|x64.Build.0 = Release|Any CPU
		{239A82A5-19A1-4382-8F9B-4A9705648017}.Ad-Hoc|x86.ActiveCfg = Release|Any CPU
		{239A82A5-19A1-4382-8F9B-4A9705648017}.Ad-Hoc|x86.Build.0 = Release|Any CPU
		{239A82A5-19A1-4382-8F9B-4A9705648017}.AppStore|Any CPU.ActiveCfg = Release|Any CPU
		{239A82A5-19A1-4382-8F9B-4A9705648017}.AppStore|Any CPU.Build.0 = Release|Any CPU
		{239A82A5-19A1-4382-8F9B-4A9705648017}.AppStore|ARM.ActiveCfg = Debug|Any CPU
		{239A82A5-19A1-4382-8F9B-4A9705648017}.AppStore|ARM.Build.0 = Debug|Any CPU
		{239A82A5-19A1-4382-8F9B-4A9705648017}.AppStore|ARM64.ActiveCfg = Debug|Any CPU
		{239A82A5-19A1-4382-8F9B-4A9705648017}.AppStore|ARM64.Build.0 = Debug|Any CPU
		{239A82A5-19A1-4382-8F9B-4A9705648017}.AppStore|iPhone.ActiveCfg = Release|Any CPU
		{239A82A5-19A1-4382-8F9B-4A9705648017}.AppStore|iPhone.Build.0 = Release|Any CPU
		{239A82A5-19A1-4382-8F9B-4A9705648017}.AppStore|iPhoneSimulator.ActiveCfg = Release|Any CPU
		{239A82A5-19A1-4382-8F9B-4A9705648017}.AppStore|iPhoneSimulator.Build.0 = Release|Any CPU
		{239A82A5-19A1-4382-8F9B-4A9705648017}.AppStore|x64.ActiveCfg = Release|Any CPU
		{239A82A5-19A1-4382-8F9B-4A9705648017}.AppStore|x64.Build.0 = Release|Any CPU
		{239A82A5-19A1-4382-8F9B-4A9705648017}.AppStore|x86.ActiveCfg = Release|Any CPU
		{239A82A5-19A1-4382-8F9B-4A9705648017}.AppStore|x86.Build.0 = Release|Any CPU
		{239A82A5-19A1-4382-8F9B-4A9705648017}.Debug|Any CPU.ActiveCfg = Debug|Any CPU
		{239A82A5-19A1-4382-8F9B-4A9705648017}.Debug|Any CPU.Build.0 = Debug|Any CPU
		{239A82A5-19A1-4382-8F9B-4A9705648017}.Debug|ARM.ActiveCfg = Debug|Any CPU
		{239A82A5-19A1-4382-8F9B-4A9705648017}.Debug|ARM.Build.0 = Debug|Any CPU
		{239A82A5-19A1-4382-8F9B-4A9705648017}.Debug|ARM64.ActiveCfg = Debug|Any CPU
		{239A82A5-19A1-4382-8F9B-4A9705648017}.Debug|ARM64.Build.0 = Debug|Any CPU
		{239A82A5-19A1-4382-8F9B-4A9705648017}.Debug|iPhone.ActiveCfg = Debug|Any CPU
		{239A82A5-19A1-4382-8F9B-4A9705648017}.Debug|iPhone.Build.0 = Debug|Any CPU
		{239A82A5-19A1-4382-8F9B-4A9705648017}.Debug|iPhoneSimulator.ActiveCfg = Debug|Any CPU
		{239A82A5-19A1-4382-8F9B-4A9705648017}.Debug|iPhoneSimulator.Build.0 = Debug|Any CPU
		{239A82A5-19A1-4382-8F9B-4A9705648017}.Debug|x64.ActiveCfg = Debug|Any CPU
		{239A82A5-19A1-4382-8F9B-4A9705648017}.Debug|x64.Build.0 = Debug|Any CPU
		{239A82A5-19A1-4382-8F9B-4A9705648017}.Debug|x86.ActiveCfg = Debug|Any CPU
		{239A82A5-19A1-4382-8F9B-4A9705648017}.Debug|x86.Build.0 = Debug|Any CPU
		{239A82A5-19A1-4382-8F9B-4A9705648017}.Release|Any CPU.ActiveCfg = Release|Any CPU
		{239A82A5-19A1-4382-8F9B-4A9705648017}.Release|Any CPU.Build.0 = Release|Any CPU
		{239A82A5-19A1-4382-8F9B-4A9705648017}.Release|ARM.ActiveCfg = Release|Any CPU
		{239A82A5-19A1-4382-8F9B-4A9705648017}.Release|ARM.Build.0 = Release|Any CPU
		{239A82A5-19A1-4382-8F9B-4A9705648017}.Release|ARM64.ActiveCfg = Release|Any CPU
		{239A82A5-19A1-4382-8F9B-4A9705648017}.Release|ARM64.Build.0 = Release|Any CPU
		{239A82A5-19A1-4382-8F9B-4A9705648017}.Release|iPhone.ActiveCfg = Release|Any CPU
		{239A82A5-19A1-4382-8F9B-4A9705648017}.Release|iPhone.Build.0 = Release|Any CPU
		{239A82A5-19A1-4382-8F9B-4A9705648017}.Release|iPhoneSimulator.ActiveCfg = Release|Any CPU
		{239A82A5-19A1-4382-8F9B-4A9705648017}.Release|iPhoneSimulator.Build.0 = Release|Any CPU
		{239A82A5-19A1-4382-8F9B-4A9705648017}.Release|x64.ActiveCfg = Release|Any CPU
		{239A82A5-19A1-4382-8F9B-4A9705648017}.Release|x64.Build.0 = Release|Any CPU
		{239A82A5-19A1-4382-8F9B-4A9705648017}.Release|x86.ActiveCfg = Release|Any CPU
		{239A82A5-19A1-4382-8F9B-4A9705648017}.Release|x86.Build.0 = Release|Any CPU
		{537A70A3-6565-41E2-8C65-5198E0F4EB45}.Ad-Hoc|Any CPU.ActiveCfg = Debug|Any CPU
		{537A70A3-6565-41E2-8C65-5198E0F4EB45}.Ad-Hoc|Any CPU.Build.0 = Debug|Any CPU
		{537A70A3-6565-41E2-8C65-5198E0F4EB45}.Ad-Hoc|ARM.ActiveCfg = Debug|Any CPU
		{537A70A3-6565-41E2-8C65-5198E0F4EB45}.Ad-Hoc|ARM.Build.0 = Debug|Any CPU
		{537A70A3-6565-41E2-8C65-5198E0F4EB45}.Ad-Hoc|ARM64.ActiveCfg = Debug|Any CPU
		{537A70A3-6565-41E2-8C65-5198E0F4EB45}.Ad-Hoc|ARM64.Build.0 = Debug|Any CPU
		{537A70A3-6565-41E2-8C65-5198E0F4EB45}.Ad-Hoc|iPhone.ActiveCfg = Debug|Any CPU
		{537A70A3-6565-41E2-8C65-5198E0F4EB45}.Ad-Hoc|iPhone.Build.0 = Debug|Any CPU
		{537A70A3-6565-41E2-8C65-5198E0F4EB45}.Ad-Hoc|iPhoneSimulator.ActiveCfg = Debug|Any CPU
		{537A70A3-6565-41E2-8C65-5198E0F4EB45}.Ad-Hoc|iPhoneSimulator.Build.0 = Debug|Any CPU
		{537A70A3-6565-41E2-8C65-5198E0F4EB45}.Ad-Hoc|x64.ActiveCfg = Debug|Any CPU
		{537A70A3-6565-41E2-8C65-5198E0F4EB45}.Ad-Hoc|x64.Build.0 = Debug|Any CPU
		{537A70A3-6565-41E2-8C65-5198E0F4EB45}.Ad-Hoc|x86.ActiveCfg = Debug|Any CPU
		{537A70A3-6565-41E2-8C65-5198E0F4EB45}.Ad-Hoc|x86.Build.0 = Debug|Any CPU
		{537A70A3-6565-41E2-8C65-5198E0F4EB45}.AppStore|Any CPU.ActiveCfg = Debug|Any CPU
		{537A70A3-6565-41E2-8C65-5198E0F4EB45}.AppStore|Any CPU.Build.0 = Debug|Any CPU
		{537A70A3-6565-41E2-8C65-5198E0F4EB45}.AppStore|ARM.ActiveCfg = Debug|Any CPU
		{537A70A3-6565-41E2-8C65-5198E0F4EB45}.AppStore|ARM.Build.0 = Debug|Any CPU
		{537A70A3-6565-41E2-8C65-5198E0F4EB45}.AppStore|ARM64.ActiveCfg = Debug|Any CPU
		{537A70A3-6565-41E2-8C65-5198E0F4EB45}.AppStore|ARM64.Build.0 = Debug|Any CPU
		{537A70A3-6565-41E2-8C65-5198E0F4EB45}.AppStore|iPhone.ActiveCfg = Debug|Any CPU
		{537A70A3-6565-41E2-8C65-5198E0F4EB45}.AppStore|iPhone.Build.0 = Debug|Any CPU
		{537A70A3-6565-41E2-8C65-5198E0F4EB45}.AppStore|iPhoneSimulator.ActiveCfg = Debug|Any CPU
		{537A70A3-6565-41E2-8C65-5198E0F4EB45}.AppStore|iPhoneSimulator.Build.0 = Debug|Any CPU
		{537A70A3-6565-41E2-8C65-5198E0F4EB45}.AppStore|x64.ActiveCfg = Debug|Any CPU
		{537A70A3-6565-41E2-8C65-5198E0F4EB45}.AppStore|x64.Build.0 = Debug|Any CPU
		{537A70A3-6565-41E2-8C65-5198E0F4EB45}.AppStore|x86.ActiveCfg = Debug|Any CPU
		{537A70A3-6565-41E2-8C65-5198E0F4EB45}.AppStore|x86.Build.0 = Debug|Any CPU
		{537A70A3-6565-41E2-8C65-5198E0F4EB45}.Debug|Any CPU.ActiveCfg = Debug|Any CPU
		{537A70A3-6565-41E2-8C65-5198E0F4EB45}.Debug|Any CPU.Build.0 = Debug|Any CPU
		{537A70A3-6565-41E2-8C65-5198E0F4EB45}.Debug|ARM.ActiveCfg = Debug|Any CPU
		{537A70A3-6565-41E2-8C65-5198E0F4EB45}.Debug|ARM.Build.0 = Debug|Any CPU
		{537A70A3-6565-41E2-8C65-5198E0F4EB45}.Debug|ARM64.ActiveCfg = Debug|Any CPU
		{537A70A3-6565-41E2-8C65-5198E0F4EB45}.Debug|ARM64.Build.0 = Debug|Any CPU
		{537A70A3-6565-41E2-8C65-5198E0F4EB45}.Debug|iPhone.ActiveCfg = Debug|Any CPU
		{537A70A3-6565-41E2-8C65-5198E0F4EB45}.Debug|iPhone.Build.0 = Debug|Any CPU
		{537A70A3-6565-41E2-8C65-5198E0F4EB45}.Debug|iPhoneSimulator.ActiveCfg = Debug|Any CPU
		{537A70A3-6565-41E2-8C65-5198E0F4EB45}.Debug|iPhoneSimulator.Build.0 = Debug|Any CPU
		{537A70A3-6565-41E2-8C65-5198E0F4EB45}.Debug|x64.ActiveCfg = Debug|Any CPU
		{537A70A3-6565-41E2-8C65-5198E0F4EB45}.Debug|x64.Build.0 = Debug|Any CPU
		{537A70A3-6565-41E2-8C65-5198E0F4EB45}.Debug|x86.ActiveCfg = Debug|Any CPU
		{537A70A3-6565-41E2-8C65-5198E0F4EB45}.Debug|x86.Build.0 = Debug|Any CPU
		{537A70A3-6565-41E2-8C65-5198E0F4EB45}.Release|Any CPU.ActiveCfg = Release|Any CPU
		{537A70A3-6565-41E2-8C65-5198E0F4EB45}.Release|Any CPU.Build.0 = Release|Any CPU
		{537A70A3-6565-41E2-8C65-5198E0F4EB45}.Release|ARM.ActiveCfg = Release|Any CPU
		{537A70A3-6565-41E2-8C65-5198E0F4EB45}.Release|ARM.Build.0 = Release|Any CPU
		{537A70A3-6565-41E2-8C65-5198E0F4EB45}.Release|ARM64.ActiveCfg = Release|Any CPU
		{537A70A3-6565-41E2-8C65-5198E0F4EB45}.Release|ARM64.Build.0 = Release|Any CPU
		{537A70A3-6565-41E2-8C65-5198E0F4EB45}.Release|iPhone.ActiveCfg = Release|Any CPU
		{537A70A3-6565-41E2-8C65-5198E0F4EB45}.Release|iPhone.Build.0 = Release|Any CPU
		{537A70A3-6565-41E2-8C65-5198E0F4EB45}.Release|iPhoneSimulator.ActiveCfg = Release|Any CPU
		{537A70A3-6565-41E2-8C65-5198E0F4EB45}.Release|iPhoneSimulator.Build.0 = Release|Any CPU
		{537A70A3-6565-41E2-8C65-5198E0F4EB45}.Release|x64.ActiveCfg = Release|Any CPU
		{537A70A3-6565-41E2-8C65-5198E0F4EB45}.Release|x64.Build.0 = Release|Any CPU
		{537A70A3-6565-41E2-8C65-5198E0F4EB45}.Release|x86.ActiveCfg = Release|Any CPU
		{537A70A3-6565-41E2-8C65-5198E0F4EB45}.Release|x86.Build.0 = Release|Any CPU
		{315BB606-A490-4CFB-8DFC-313563C330AE}.Ad-Hoc|Any CPU.ActiveCfg = Release|Any CPU
		{315BB606-A490-4CFB-8DFC-313563C330AE}.Ad-Hoc|Any CPU.Build.0 = Release|Any CPU
		{315BB606-A490-4CFB-8DFC-313563C330AE}.Ad-Hoc|Any CPU.Deploy.0 = Release|Any CPU
		{315BB606-A490-4CFB-8DFC-313563C330AE}.Ad-Hoc|ARM.ActiveCfg = Release|Any CPU
		{315BB606-A490-4CFB-8DFC-313563C330AE}.Ad-Hoc|ARM.Build.0 = Release|Any CPU
		{315BB606-A490-4CFB-8DFC-313563C330AE}.Ad-Hoc|ARM.Deploy.0 = Release|Any CPU
		{315BB606-A490-4CFB-8DFC-313563C330AE}.Ad-Hoc|ARM64.ActiveCfg = Release|Any CPU
		{315BB606-A490-4CFB-8DFC-313563C330AE}.Ad-Hoc|ARM64.Build.0 = Release|Any CPU
		{315BB606-A490-4CFB-8DFC-313563C330AE}.Ad-Hoc|ARM64.Deploy.0 = Release|Any CPU
		{315BB606-A490-4CFB-8DFC-313563C330AE}.Ad-Hoc|iPhone.ActiveCfg = Release|Any CPU
		{315BB606-A490-4CFB-8DFC-313563C330AE}.Ad-Hoc|iPhone.Build.0 = Release|Any CPU
		{315BB606-A490-4CFB-8DFC-313563C330AE}.Ad-Hoc|iPhone.Deploy.0 = Release|Any CPU
		{315BB606-A490-4CFB-8DFC-313563C330AE}.Ad-Hoc|iPhoneSimulator.ActiveCfg = Release|Any CPU
		{315BB606-A490-4CFB-8DFC-313563C330AE}.Ad-Hoc|iPhoneSimulator.Build.0 = Release|Any CPU
		{315BB606-A490-4CFB-8DFC-313563C330AE}.Ad-Hoc|iPhoneSimulator.Deploy.0 = Release|Any CPU
		{315BB606-A490-4CFB-8DFC-313563C330AE}.Ad-Hoc|x64.ActiveCfg = Release|Any CPU
		{315BB606-A490-4CFB-8DFC-313563C330AE}.Ad-Hoc|x64.Build.0 = Release|Any CPU
		{315BB606-A490-4CFB-8DFC-313563C330AE}.Ad-Hoc|x64.Deploy.0 = Release|Any CPU
		{315BB606-A490-4CFB-8DFC-313563C330AE}.Ad-Hoc|x86.ActiveCfg = Release|Any CPU
		{315BB606-A490-4CFB-8DFC-313563C330AE}.Ad-Hoc|x86.Build.0 = Release|Any CPU
		{315BB606-A490-4CFB-8DFC-313563C330AE}.Ad-Hoc|x86.Deploy.0 = Release|Any CPU
		{315BB606-A490-4CFB-8DFC-313563C330AE}.AppStore|Any CPU.ActiveCfg = Release|Any CPU
		{315BB606-A490-4CFB-8DFC-313563C330AE}.AppStore|Any CPU.Build.0 = Release|Any CPU
		{315BB606-A490-4CFB-8DFC-313563C330AE}.AppStore|Any CPU.Deploy.0 = Release|Any CPU
		{315BB606-A490-4CFB-8DFC-313563C330AE}.AppStore|ARM.ActiveCfg = Release|Any CPU
		{315BB606-A490-4CFB-8DFC-313563C330AE}.AppStore|ARM.Build.0 = Release|Any CPU
		{315BB606-A490-4CFB-8DFC-313563C330AE}.AppStore|ARM.Deploy.0 = Release|Any CPU
		{315BB606-A490-4CFB-8DFC-313563C330AE}.AppStore|ARM64.ActiveCfg = Release|Any CPU
		{315BB606-A490-4CFB-8DFC-313563C330AE}.AppStore|ARM64.Build.0 = Release|Any CPU
		{315BB606-A490-4CFB-8DFC-313563C330AE}.AppStore|ARM64.Deploy.0 = Release|Any CPU
		{315BB606-A490-4CFB-8DFC-313563C330AE}.AppStore|iPhone.ActiveCfg = Release|Any CPU
		{315BB606-A490-4CFB-8DFC-313563C330AE}.AppStore|iPhone.Build.0 = Release|Any CPU
		{315BB606-A490-4CFB-8DFC-313563C330AE}.AppStore|iPhone.Deploy.0 = Release|Any CPU
		{315BB606-A490-4CFB-8DFC-313563C330AE}.AppStore|iPhoneSimulator.ActiveCfg = Release|Any CPU
		{315BB606-A490-4CFB-8DFC-313563C330AE}.AppStore|iPhoneSimulator.Build.0 = Release|Any CPU
		{315BB606-A490-4CFB-8DFC-313563C330AE}.AppStore|iPhoneSimulator.Deploy.0 = Release|Any CPU
		{315BB606-A490-4CFB-8DFC-313563C330AE}.AppStore|x64.ActiveCfg = Release|Any CPU
		{315BB606-A490-4CFB-8DFC-313563C330AE}.AppStore|x64.Build.0 = Release|Any CPU
		{315BB606-A490-4CFB-8DFC-313563C330AE}.AppStore|x64.Deploy.0 = Release|Any CPU
		{315BB606-A490-4CFB-8DFC-313563C330AE}.AppStore|x86.ActiveCfg = Release|Any CPU
		{315BB606-A490-4CFB-8DFC-313563C330AE}.AppStore|x86.Build.0 = Release|Any CPU
		{315BB606-A490-4CFB-8DFC-313563C330AE}.AppStore|x86.Deploy.0 = Release|Any CPU
		{315BB606-A490-4CFB-8DFC-313563C330AE}.Debug|Any CPU.ActiveCfg = Debug|Any CPU
		{315BB606-A490-4CFB-8DFC-313563C330AE}.Debug|Any CPU.Build.0 = Debug|Any CPU
		{315BB606-A490-4CFB-8DFC-313563C330AE}.Debug|Any CPU.Deploy.0 = Debug|Any CPU
		{315BB606-A490-4CFB-8DFC-313563C330AE}.Debug|ARM.ActiveCfg = Debug|Any CPU
		{315BB606-A490-4CFB-8DFC-313563C330AE}.Debug|ARM.Build.0 = Debug|Any CPU
		{315BB606-A490-4CFB-8DFC-313563C330AE}.Debug|ARM.Deploy.0 = Debug|Any CPU
		{315BB606-A490-4CFB-8DFC-313563C330AE}.Debug|ARM64.ActiveCfg = Debug|Any CPU
		{315BB606-A490-4CFB-8DFC-313563C330AE}.Debug|ARM64.Build.0 = Debug|Any CPU
		{315BB606-A490-4CFB-8DFC-313563C330AE}.Debug|ARM64.Deploy.0 = Debug|Any CPU
		{315BB606-A490-4CFB-8DFC-313563C330AE}.Debug|iPhone.ActiveCfg = Debug|Any CPU
		{315BB606-A490-4CFB-8DFC-313563C330AE}.Debug|iPhone.Build.0 = Debug|Any CPU
		{315BB606-A490-4CFB-8DFC-313563C330AE}.Debug|iPhone.Deploy.0 = Debug|Any CPU
		{315BB606-A490-4CFB-8DFC-313563C330AE}.Debug|iPhoneSimulator.ActiveCfg = Debug|Any CPU
		{315BB606-A490-4CFB-8DFC-313563C330AE}.Debug|iPhoneSimulator.Build.0 = Debug|Any CPU
		{315BB606-A490-4CFB-8DFC-313563C330AE}.Debug|iPhoneSimulator.Deploy.0 = Debug|Any CPU
		{315BB606-A490-4CFB-8DFC-313563C330AE}.Debug|x64.ActiveCfg = Debug|Any CPU
		{315BB606-A490-4CFB-8DFC-313563C330AE}.Debug|x64.Build.0 = Debug|Any CPU
		{315BB606-A490-4CFB-8DFC-313563C330AE}.Debug|x64.Deploy.0 = Debug|Any CPU
		{315BB606-A490-4CFB-8DFC-313563C330AE}.Debug|x86.ActiveCfg = Debug|Any CPU
		{315BB606-A490-4CFB-8DFC-313563C330AE}.Debug|x86.Build.0 = Debug|Any CPU
		{315BB606-A490-4CFB-8DFC-313563C330AE}.Debug|x86.Deploy.0 = Debug|Any CPU
		{315BB606-A490-4CFB-8DFC-313563C330AE}.Release|Any CPU.ActiveCfg = Release|Any CPU
		{315BB606-A490-4CFB-8DFC-313563C330AE}.Release|Any CPU.Build.0 = Release|Any CPU
		{315BB606-A490-4CFB-8DFC-313563C330AE}.Release|Any CPU.Deploy.0 = Release|Any CPU
		{315BB606-A490-4CFB-8DFC-313563C330AE}.Release|ARM.ActiveCfg = Release|Any CPU
		{315BB606-A490-4CFB-8DFC-313563C330AE}.Release|ARM.Build.0 = Release|Any CPU
		{315BB606-A490-4CFB-8DFC-313563C330AE}.Release|ARM.Deploy.0 = Release|Any CPU
		{315BB606-A490-4CFB-8DFC-313563C330AE}.Release|ARM64.ActiveCfg = Release|Any CPU
		{315BB606-A490-4CFB-8DFC-313563C330AE}.Release|ARM64.Build.0 = Release|Any CPU
		{315BB606-A490-4CFB-8DFC-313563C330AE}.Release|ARM64.Deploy.0 = Release|Any CPU
		{315BB606-A490-4CFB-8DFC-313563C330AE}.Release|iPhone.ActiveCfg = Release|Any CPU
		{315BB606-A490-4CFB-8DFC-313563C330AE}.Release|iPhone.Build.0 = Release|Any CPU
		{315BB606-A490-4CFB-8DFC-313563C330AE}.Release|iPhone.Deploy.0 = Release|Any CPU
		{315BB606-A490-4CFB-8DFC-313563C330AE}.Release|iPhoneSimulator.ActiveCfg = Release|Any CPU
		{315BB606-A490-4CFB-8DFC-313563C330AE}.Release|iPhoneSimulator.Build.0 = Release|Any CPU
		{315BB606-A490-4CFB-8DFC-313563C330AE}.Release|iPhoneSimulator.Deploy.0 = Release|Any CPU
		{315BB606-A490-4CFB-8DFC-313563C330AE}.Release|x64.ActiveCfg = Release|Any CPU
		{315BB606-A490-4CFB-8DFC-313563C330AE}.Release|x64.Build.0 = Release|Any CPU
		{315BB606-A490-4CFB-8DFC-313563C330AE}.Release|x64.Deploy.0 = Release|Any CPU
		{315BB606-A490-4CFB-8DFC-313563C330AE}.Release|x86.ActiveCfg = Release|Any CPU
		{315BB606-A490-4CFB-8DFC-313563C330AE}.Release|x86.Build.0 = Release|Any CPU
		{315BB606-A490-4CFB-8DFC-313563C330AE}.Release|x86.Deploy.0 = Release|Any CPU
		{6C9DE381-A32F-41CB-BCDA-551BE90B5A60}.Ad-Hoc|Any CPU.ActiveCfg = Ad-Hoc|iPhone
		{6C9DE381-A32F-41CB-BCDA-551BE90B5A60}.Ad-Hoc|ARM.ActiveCfg = Ad-Hoc|iPhone
		{6C9DE381-A32F-41CB-BCDA-551BE90B5A60}.Ad-Hoc|ARM64.ActiveCfg = Ad-Hoc|iPhone
		{6C9DE381-A32F-41CB-BCDA-551BE90B5A60}.Ad-Hoc|iPhone.ActiveCfg = Ad-Hoc|iPhone
		{6C9DE381-A32F-41CB-BCDA-551BE90B5A60}.Ad-Hoc|iPhone.Build.0 = Ad-Hoc|iPhone
		{6C9DE381-A32F-41CB-BCDA-551BE90B5A60}.Ad-Hoc|iPhoneSimulator.ActiveCfg = Ad-Hoc|iPhoneSimulator
		{6C9DE381-A32F-41CB-BCDA-551BE90B5A60}.Ad-Hoc|iPhoneSimulator.Build.0 = Ad-Hoc|iPhoneSimulator
		{6C9DE381-A32F-41CB-BCDA-551BE90B5A60}.Ad-Hoc|x64.ActiveCfg = Ad-Hoc|iPhone
		{6C9DE381-A32F-41CB-BCDA-551BE90B5A60}.Ad-Hoc|x86.ActiveCfg = Ad-Hoc|iPhone
		{6C9DE381-A32F-41CB-BCDA-551BE90B5A60}.AppStore|Any CPU.ActiveCfg = AppStore|iPhone
		{6C9DE381-A32F-41CB-BCDA-551BE90B5A60}.AppStore|ARM.ActiveCfg = AppStore|iPhone
		{6C9DE381-A32F-41CB-BCDA-551BE90B5A60}.AppStore|ARM64.ActiveCfg = AppStore|iPhone
		{6C9DE381-A32F-41CB-BCDA-551BE90B5A60}.AppStore|iPhone.ActiveCfg = AppStore|iPhone
		{6C9DE381-A32F-41CB-BCDA-551BE90B5A60}.AppStore|iPhone.Build.0 = AppStore|iPhone
		{6C9DE381-A32F-41CB-BCDA-551BE90B5A60}.AppStore|iPhoneSimulator.ActiveCfg = AppStore|iPhoneSimulator
		{6C9DE381-A32F-41CB-BCDA-551BE90B5A60}.AppStore|iPhoneSimulator.Build.0 = AppStore|iPhoneSimulator
		{6C9DE381-A32F-41CB-BCDA-551BE90B5A60}.AppStore|x64.ActiveCfg = AppStore|iPhone
		{6C9DE381-A32F-41CB-BCDA-551BE90B5A60}.AppStore|x86.ActiveCfg = AppStore|iPhone
		{6C9DE381-A32F-41CB-BCDA-551BE90B5A60}.Debug|Any CPU.ActiveCfg = Debug|iPhone
		{6C9DE381-A32F-41CB-BCDA-551BE90B5A60}.Debug|ARM.ActiveCfg = Debug|iPhone
		{6C9DE381-A32F-41CB-BCDA-551BE90B5A60}.Debug|ARM64.ActiveCfg = Debug|iPhone
		{6C9DE381-A32F-41CB-BCDA-551BE90B5A60}.Debug|iPhone.ActiveCfg = Debug|iPhone
		{6C9DE381-A32F-41CB-BCDA-551BE90B5A60}.Debug|iPhone.Build.0 = Debug|iPhone
		{6C9DE381-A32F-41CB-BCDA-551BE90B5A60}.Debug|iPhoneSimulator.ActiveCfg = Debug|iPhoneSimulator
		{6C9DE381-A32F-41CB-BCDA-551BE90B5A60}.Debug|iPhoneSimulator.Build.0 = Debug|iPhoneSimulator
		{6C9DE381-A32F-41CB-BCDA-551BE90B5A60}.Debug|x64.ActiveCfg = Debug|iPhone
		{6C9DE381-A32F-41CB-BCDA-551BE90B5A60}.Debug|x86.ActiveCfg = Debug|iPhone
		{6C9DE381-A32F-41CB-BCDA-551BE90B5A60}.Release|Any CPU.ActiveCfg = Release|iPhone
		{6C9DE381-A32F-41CB-BCDA-551BE90B5A60}.Release|ARM.ActiveCfg = Release|iPhone
		{6C9DE381-A32F-41CB-BCDA-551BE90B5A60}.Release|ARM64.ActiveCfg = Release|iPhone
		{6C9DE381-A32F-41CB-BCDA-551BE90B5A60}.Release|iPhone.ActiveCfg = Release|iPhone
		{6C9DE381-A32F-41CB-BCDA-551BE90B5A60}.Release|iPhone.Build.0 = Release|iPhone
		{6C9DE381-A32F-41CB-BCDA-551BE90B5A60}.Release|iPhoneSimulator.ActiveCfg = Release|iPhoneSimulator
		{6C9DE381-A32F-41CB-BCDA-551BE90B5A60}.Release|iPhoneSimulator.Build.0 = Release|iPhoneSimulator
		{6C9DE381-A32F-41CB-BCDA-551BE90B5A60}.Release|x64.ActiveCfg = Release|iPhone
		{6C9DE381-A32F-41CB-BCDA-551BE90B5A60}.Release|x86.ActiveCfg = Release|iPhone
	EndGlobalSection
	GlobalSection(SolutionProperties) = preSolution
		HideSolutionNode = FALSE
	EndGlobalSection
	GlobalSection(NestedProjects) = preSolution
		{FC68D8B7-758E-4164-945B-9F922FA883F6} = {799A84A2-2161-4676-878B-5610E3586137}
		{5E512888-485B-438A-AA4A-1B1EF50FD49F} = {FC68D8B7-758E-4164-945B-9F922FA883F6}
		{537A70A3-6565-41E2-8C65-5198E0F4EB45} = {5E512888-485B-438A-AA4A-1B1EF50FD49F}
		{315BB606-A490-4CFB-8DFC-313563C330AE} = {5E512888-485B-438A-AA4A-1B1EF50FD49F}
		{6C9DE381-A32F-41CB-BCDA-551BE90B5A60} = {5E512888-485B-438A-AA4A-1B1EF50FD49F}
	EndGlobalSection
	GlobalSection(ExtensibilityGlobals) = postSolution
		SolutionGuid = {AB1424F9-871B-444A-9278-18227672889C}
	EndGlobalSection
EndGlobal
